
Microsoft Visual Studio Solution File, Format Version 12.00
# Visual Studio Version 17
VisualStudioVersion = 17.5.33627.172
MinimumVisualStudioVersion = 10.0.40219.1
Project("{9A19103F-16F7-4668-BE54-9A1E7A4F7556}") = "Nl.Aet.Cid.Sdk.Rest", "Nl.Aet.Cid.Sdk.Rest\Nl.Aet.Cid.Sdk.Rest.csproj", "{F07A455B-51A2-4B7D-A33D-B97934EF28EA}"
EndProject
Project("{9A19103F-16F7-4668-BE54-9A1E7A4F7556}") = "Nl.Aet.Cid.Sdk.Rest.Test,Terminal", "Nl.Aet.Cid.Sdk.Rest.Test,Terminal\Nl.Aet.Cid.Sdk.Rest.Test,Terminal.csproj", "{F8BB40F2-E7CB-4659-AF16-A74ABCA41913}"
EndProject
Global
	GlobalSection(SolutionConfigurationPlatforms) = preSolution
		Debug|Any CPU = Debug|Any CPU
		Release|Any CPU = Release|Any CPU
	EndGlobalSection
	GlobalSection(ProjectConfigurationPlatforms) = postSolution
		{F07A455B-51A2-4B7D-A33D-B97934EF28EA}.Debug|Any CPU.ActiveCfg = Debug|Any CPU
		{F07A455B-51A2-4B7D-A33D-B97934EF28EA}.Debug|Any CPU.Build.0 = Debug|Any CPU
		{F07A455B-51A2-4B7D-A33D-B97934EF28EA}.Release|Any CPU.ActiveCfg = Release|Any CPU
		{F07A455B-51A2-4B7D-A33D-B97934EF28EA}.Release|Any CPU.Build.0 = Release|Any CPU
		{F8BB40F2-E7CB-4659-AF16-A74ABCA41913}.Debug|Any CPU.ActiveCfg = Debug|Any CPU
		{F8BB40F2-E7CB-4659-AF16-A74ABCA41913}.Debug|Any CPU.Build.0 = Debug|Any CPU
		{F8BB40F2-E7CB-4659-AF16-A74ABCA41913}.Release|Any CPU.ActiveCfg = Release|Any CPU
		{F8BB40F2-E7CB-4659-AF16-A74ABCA41913}.Release|Any CPU.Build.0 = Release|Any CPU
	EndGlobalSection
	GlobalSection(SolutionProperties) = preSolution
		HideSolutionNode = FALSE
	EndGlobalSection
	GlobalSection(ExtensibilityGlobals) = postSolution
		SolutionGuid = {CE4D4CD9-0BAD-44A1-8C61-CBEEB8DB7004}
	EndGlobalSection
EndGlobal
